
Microsoft Visual Studio Solution File, Format Version 12.00
# Visual Studio 15
VisualStudioVersion = 15.0.28307.329
MinimumVisualStudioVersion = 10.0.40219.1
Project("{8BC9CEB8-8B4A-11D0-8D11-00A0C91BC942}") = "question-3", "question-3\question-3.vcxproj", "{6BDA2BAA-712B-486A-8F8C-6D68F4E4857E}"
EndProject
Global
	GlobalSection(SolutionConfigurationPlatforms) = preSolution
		Debug|x64 = Debug|x64
		Debug|x86 = Debug|x86
		Release|x64 = Release|x64
		Release|x86 = Release|x86
	EndGlobalSection
	GlobalSection(ProjectConfigurationPlatforms) = postSolution
		{6BDA2BAA-712B-486A-8F8C-6D68F4E4857E}.Debug|x64.ActiveCfg = Debug|x64
		{6BDA2BAA-712B-486A-8F8C-6D68F4E4857E}.Debug|x64.Build.0 = Debug|x64
		{6BDA2BAA-712B-486A-8F8C-6D68F4E4857E}.Debug|x86.ActiveCfg = Debug|Win32
		{6BDA2BAA-712B-486A-8F8C-6D68F4E4857E}.Debug|x86.Build.0 = Debug|Win32
		{6BDA2BAA-712B-486A-8F8C-6D68F4E4857E}.Release|x64.ActiveCfg = Release|x64
		{6BDA2BAA-712B-486A-8F8C-6D68F4E4857E}.Release|x64.Build.0 = Release|x64
		{6BDA2BAA-712B-486A-8F8C-6D68F4E4857E}.Release|x86.ActiveCfg = Release|Win32
		{6BDA2BAA-712B-486A-8F8C-6D68F4E4857E}.Release|x86.Build.0 = Release|Win32
	EndGlobalSection
	GlobalSection(SolutionProperties) = preSolution
		HideSolutionNode = FALSE
	EndGlobalSection
	GlobalSection(ExtensibilityGlobals) = postSolution
		SolutionGuid = {7AE08165-A3ED-46B5-B39F-1D6E0584C87C}
	EndGlobalSection
EndGlobal
