
Microsoft Visual Studio Solution File, Format Version 12.00
# Visual Studio 15
VisualStudioVersion = 15.0.28307.329
MinimumVisualStudioVersion = 10.0.40219.1
Project("{8BC9CEB8-8B4A-11D0-8D11-00A0C91BC942}") = "question-3", "question-3\question-3.vcxproj", "{7886858A-27F2-449A-88B6-77A18C95CFE0}"
EndProject
Global
	GlobalSection(SolutionConfigurationPlatforms) = preSolution
		Debug|x64 = Debug|x64
		Debug|x86 = Debug|x86
		Release|x64 = Release|x64
		Release|x86 = Release|x86
	EndGlobalSection
	GlobalSection(ProjectConfigurationPlatforms) = postSolution
		{7886858A-27F2-449A-88B6-77A18C95CFE0}.Debug|x64.ActiveCfg = Debug|x64
		{7886858A-27F2-449A-88B6-77A18C95CFE0}.Debug|x64.Build.0 = Debug|x64
		{7886858A-27F2-449A-88B6-77A18C95CFE0}.Debug|x86.ActiveCfg = Debug|Win32
		{7886858A-27F2-449A-88B6-77A18C95CFE0}.Debug|x86.Build.0 = Debug|Win32
		{7886858A-27F2-449A-88B6-77A18C95CFE0}.Release|x64.ActiveCfg = Release|x64
		{7886858A-27F2-449A-88B6-77A18C95CFE0}.Release|x64.Build.0 = Release|x64
		{7886858A-27F2-449A-88B6-77A18C95CFE0}.Release|x86.ActiveCfg = Release|Win32
		{7886858A-27F2-449A-88B6-77A18C95CFE0}.Release|x86.Build.0 = Release|Win32
	EndGlobalSection
	GlobalSection(SolutionProperties) = preSolution
		HideSolutionNode = FALSE
	EndGlobalSection
	GlobalSection(ExtensibilityGlobals) = postSolution
		SolutionGuid = {5E9FE7C8-A887-4E3B-B135-7BA4657D9EA2}
	EndGlobalSection
EndGlobal
