
Microsoft Visual Studio Solution File, Format Version 12.00
# Visual Studio 15
VisualStudioVersion = 15.0.28307.329
MinimumVisualStudioVersion = 10.0.40219.1
Project("{8BC9CEB8-8B4A-11D0-8D11-00A0C91BC942}") = "question-1", "question-1\question-1.vcxproj", "{62E7ECD6-D072-4068-8628-1161939ED2F6}"
EndProject
Project("{8BC9CEB8-8B4A-11D0-8D11-00A0C91BC942}") = "question-2", "question-2\question-2.vcxproj", "{FEDDB1E6-D2FB-41DC-B681-EB9FA07A67EA}"
EndProject
Project("{8BC9CEB8-8B4A-11D0-8D11-00A0C91BC942}") = "question-3", "question-3\question-3.vcxproj", "{D55E6879-BEB1-47A0-A7CA-CBAFB4E353EE}"
EndProject
Project("{8BC9CEB8-8B4A-11D0-8D11-00A0C91BC942}") = "question-4", "question-4\question-4.vcxproj", "{A75E8F31-E47A-437A-9D6B-C685705D36F3}"
EndProject
Project("{8BC9CEB8-8B4A-11D0-8D11-00A0C91BC942}") = "question-5", "question-5\question-5.vcxproj", "{1E40AB99-02E7-49FE-90DA-E2339901C631}"
EndProject
Project("{8BC9CEB8-8B4A-11D0-8D11-00A0C91BC942}") = "question-6", "question-6\question-6.vcxproj", "{1FDB0A3B-0929-41AF-BFEB-F7CE51A95D2D}"
EndProject
Project("{8BC9CEB8-8B4A-11D0-8D11-00A0C91BC942}") = "question-7", "question-7\question-7.vcxproj", "{A8EC8B5D-72C1-41A4-85DE-3EE635946D83}"
EndProject
Project("{8BC9CEB8-8B4A-11D0-8D11-00A0C91BC942}") = "question-8", "question-8\question-8.vcxproj", "{4B6C0915-FAD9-4679-BC28-41EBD5BCA6E8}"
EndProject
Project("{8BC9CEB8-8B4A-11D0-8D11-00A0C91BC942}") = "question-9", "question-9\question-9.vcxproj", "{F2567118-939E-4819-B9EF-BC14AEDF8BDB}"
EndProject
Project("{8BC9CEB8-8B4A-11D0-8D11-00A0C91BC942}") = "question-10", "question-10\question-10.vcxproj", "{AF69BA27-B227-4991-9CB6-5D74615A5589}"
EndProject
Project("{8BC9CEB8-8B4A-11D0-8D11-00A0C91BC942}") = "question-12", "question-12\question-12.vcxproj", "{C5EA4655-6B2C-4B75-AD9A-3A602ED64C7F}"
EndProject
Project("{8BC9CEB8-8B4A-11D0-8D11-00A0C91BC942}") = "question-13", "question-13\question-13.vcxproj", "{35E96B1E-683E-40F5-BD26-09527F74B348}"
EndProject
Project("{8BC9CEB8-8B4A-11D0-8D11-00A0C91BC942}") = "question-14", "question-14\question-14.vcxproj", "{B437A29D-C030-428E-859D-1126489E8416}"
EndProject
Project("{8BC9CEB8-8B4A-11D0-8D11-00A0C91BC942}") = "question-15", "question-15\question-15.vcxproj", "{440A9469-D43C-4DE5-8EAD-66574D5B6B75}"
EndProject
Project("{8BC9CEB8-8B4A-11D0-8D11-00A0C91BC942}") = "question-17", "question-17\question-17.vcxproj", "{2B3A0AD7-C338-40BC-AE4C-0AD554514E29}"
EndProject
Project("{8BC9CEB8-8B4A-11D0-8D11-00A0C91BC942}") = "q10-2", "q10-2\q10-2.vcxproj", "{AF3A4D96-16D6-4D81-9965-78C478D0C523}"
EndProject
Project("{8BC9CEB8-8B4A-11D0-8D11-00A0C91BC942}") = "question-11", "question-11\question-11.vcxproj", "{D88CAF4E-9ADC-4E63-A5E4-5ED4D5894CBA}"
EndProject
Project("{8BC9CEB8-8B4A-11D0-8D11-00A0C91BC942}") = "question-16", "question-16\question-16.vcxproj", "{5DACFA3C-854E-4143-B545-F60148A31CAE}"
EndProject
Project("{8BC9CEB8-8B4A-11D0-8D11-00A0C91BC942}") = "q16-2", "q16-2\q16-2.vcxproj", "{1F27039F-1116-41E4-8BAF-8E11EF9D57E6}"
EndProject
Global
	GlobalSection(SolutionConfigurationPlatforms) = preSolution
		Debug|x64 = Debug|x64
		Debug|x86 = Debug|x86
		Release|x64 = Release|x64
		Release|x86 = Release|x86
	EndGlobalSection
	GlobalSection(ProjectConfigurationPlatforms) = postSolution
		{62E7ECD6-D072-4068-8628-1161939ED2F6}.Debug|x64.ActiveCfg = Debug|x64
		{62E7ECD6-D072-4068-8628-1161939ED2F6}.Debug|x64.Build.0 = Debug|x64
		{62E7ECD6-D072-4068-8628-1161939ED2F6}.Debug|x86.ActiveCfg = Debug|Win32
		{62E7ECD6-D072-4068-8628-1161939ED2F6}.Debug|x86.Build.0 = Debug|Win32
		{62E7ECD6-D072-4068-8628-1161939ED2F6}.Release|x64.ActiveCfg = Release|x64
		{62E7ECD6-D072-4068-8628-1161939ED2F6}.Release|x64.Build.0 = Release|x64
		{62E7ECD6-D072-4068-8628-1161939ED2F6}.Release|x86.ActiveCfg = Release|Win32
		{62E7ECD6-D072-4068-8628-1161939ED2F6}.Release|x86.Build.0 = Release|Win32
		{FEDDB1E6-D2FB-41DC-B681-EB9FA07A67EA}.Debug|x64.ActiveCfg = Debug|x64
		{FEDDB1E6-D2FB-41DC-B681-EB9FA07A67EA}.Debug|x64.Build.0 = Debug|x64
		{FEDDB1E6-D2FB-41DC-B681-EB9FA07A67EA}.Debug|x86.ActiveCfg = Debug|Win32
		{FEDDB1E6-D2FB-41DC-B681-EB9FA07A67EA}.Debug|x86.Build.0 = Debug|Win32
		{FEDDB1E6-D2FB-41DC-B681-EB9FA07A67EA}.Release|x64.ActiveCfg = Release|x64
		{FEDDB1E6-D2FB-41DC-B681-EB9FA07A67EA}.Release|x64.Build.0 = Release|x64
		{FEDDB1E6-D2FB-41DC-B681-EB9FA07A67EA}.Release|x86.ActiveCfg = Release|Win32
		{FEDDB1E6-D2FB-41DC-B681-EB9FA07A67EA}.Release|x86.Build.0 = Release|Win32
		{D55E6879-BEB1-47A0-A7CA-CBAFB4E353EE}.Debug|x64.ActiveCfg = Debug|x64
		{D55E6879-BEB1-47A0-A7CA-CBAFB4E353EE}.Debug|x64.Build.0 = Debug|x64
		{D55E6879-BEB1-47A0-A7CA-CBAFB4E353EE}.Debug|x86.ActiveCfg = Debug|Win32
		{D55E6879-BEB1-47A0-A7CA-CBAFB4E353EE}.Debug|x86.Build.0 = Debug|Win32
		{D55E6879-BEB1-47A0-A7CA-CBAFB4E353EE}.Release|x64.ActiveCfg = Release|x64
		{D55E6879-BEB1-47A0-A7CA-CBAFB4E353EE}.Release|x64.Build.0 = Release|x64
		{D55E6879-BEB1-47A0-A7CA-CBAFB4E353EE}.Release|x86.ActiveCfg = Release|Win32
		{D55E6879-BEB1-47A0-A7CA-CBAFB4E353EE}.Release|x86.Build.0 = Release|Win32
		{A75E8F31-E47A-437A-9D6B-C685705D36F3}.Debug|x64.ActiveCfg = Debug|x64
		{A75E8F31-E47A-437A-9D6B-C685705D36F3}.Debug|x64.Build.0 = Debug|x64
		{A75E8F31-E47A-437A-9D6B-C685705D36F3}.Debug|x86.ActiveCfg = Debug|Win32
		{A75E8F31-E47A-437A-9D6B-C685705D36F3}.Debug|x86.Build.0 = Debug|Win32
		{A75E8F31-E47A-437A-9D6B-C685705D36F3}.Release|x64.ActiveCfg = Release|x64
		{A75E8F31-E47A-437A-9D6B-C685705D36F3}.Release|x64.Build.0 = Release|x64
		{A75E8F31-E47A-437A-9D6B-C685705D36F3}.Release|x86.ActiveCfg = Release|Win32
		{A75E8F31-E47A-437A-9D6B-C685705D36F3}.Release|x86.Build.0 = Release|Win32
		{1E40AB99-02E7-49FE-90DA-E2339901C631}.Debug|x64.ActiveCfg = Debug|x64
		{1E40AB99-02E7-49FE-90DA-E2339901C631}.Debug|x64.Build.0 = Debug|x64
		{1E40AB99-02E7-49FE-90DA-E2339901C631}.Debug|x86.ActiveCfg = Debug|Win32
		{1E40AB99-02E7-49FE-90DA-E2339901C631}.Debug|x86.Build.0 = Debug|Win32
		{1E40AB99-02E7-49FE-90DA-E2339901C631}.Release|x64.ActiveCfg = Release|x64
		{1E40AB99-02E7-49FE-90DA-E2339901C631}.Release|x64.Build.0 = Release|x64
		{1E40AB99-02E7-49FE-90DA-E2339901C631}.Release|x86.ActiveCfg = Release|Win32
		{1E40AB99-02E7-49FE-90DA-E2339901C631}.Release|x86.Build.0 = Release|Win32
		{1FDB0A3B-0929-41AF-BFEB-F7CE51A95D2D}.Debug|x64.ActiveCfg = Debug|x64
		{1FDB0A3B-0929-41AF-BFEB-F7CE51A95D2D}.Debug|x64.Build.0 = Debug|x64
		{1FDB0A3B-0929-41AF-BFEB-F7CE51A95D2D}.Debug|x86.ActiveCfg = Debug|Win32
		{1FDB0A3B-0929-41AF-BFEB-F7CE51A95D2D}.Debug|x86.Build.0 = Debug|Win32
		{1FDB0A3B-0929-41AF-BFEB-F7CE51A95D2D}.Release|x64.ActiveCfg = Release|x64
		{1FDB0A3B-0929-41AF-BFEB-F7CE51A95D2D}.Release|x64.Build.0 = Release|x64
		{1FDB0A3B-0929-41AF-BFEB-F7CE51A95D2D}.Release|x86.ActiveCfg = Release|Win32
		{1FDB0A3B-0929-41AF-BFEB-F7CE51A95D2D}.Release|x86.Build.0 = Release|Win32
		{A8EC8B5D-72C1-41A4-85DE-3EE635946D83}.Debug|x64.ActiveCfg = Debug|x64
		{A8EC8B5D-72C1-41A4-85DE-3EE635946D83}.Debug|x64.Build.0 = Debug|x64
		{A8EC8B5D-72C1-41A4-85DE-3EE635946D83}.Debug|x86.ActiveCfg = Debug|Win32
		{A8EC8B5D-72C1-41A4-85DE-3EE635946D83}.Debug|x86.Build.0 = Debug|Win32
		{A8EC8B5D-72C1-41A4-85DE-3EE635946D83}.Release|x64.ActiveCfg = Release|x64
		{A8EC8B5D-72C1-41A4-85DE-3EE635946D83}.Release|x64.Build.0 = Release|x64
		{A8EC8B5D-72C1-41A4-85DE-3EE635946D83}.Release|x86.ActiveCfg = Release|Win32
		{A8EC8B5D-72C1-41A4-85DE-3EE635946D83}.Release|x86.Build.0 = Release|Win32
		{4B6C0915-FAD9-4679-BC28-41EBD5BCA6E8}.Debug|x64.ActiveCfg = Debug|x64
		{4B6C0915-FAD9-4679-BC28-41EBD5BCA6E8}.Debug|x64.Build.0 = Debug|x64
		{4B6C0915-FAD9-4679-BC28-41EBD5BCA6E8}.Debug|x86.ActiveCfg = Debug|Win32
		{4B6C0915-FAD9-4679-BC28-41EBD5BCA6E8}.Debug|x86.Build.0 = Debug|Win32
		{4B6C0915-FAD9-4679-BC28-41EBD5BCA6E8}.Release|x64.ActiveCfg = Release|x64
		{4B6C0915-FAD9-4679-BC28-41EBD5BCA6E8}.Release|x64.Build.0 = Release|x64
		{4B6C0915-FAD9-4679-BC28-41EBD5BCA6E8}.Release|x86.ActiveCfg = Release|Win32
		{4B6C0915-FAD9-4679-BC28-41EBD5BCA6E8}.Release|x86.Build.0 = Release|Win32
		{F2567118-939E-4819-B9EF-BC14AEDF8BDB}.Debug|x64.ActiveCfg = Debug|x64
		{F2567118-939E-4819-B9EF-BC14AEDF8BDB}.Debug|x64.Build.0 = Debug|x64
		{F2567118-939E-4819-B9EF-BC14AEDF8BDB}.Debug|x86.ActiveCfg = Debug|Win32
		{F2567118-939E-4819-B9EF-BC14AEDF8BDB}.Debug|x86.Build.0 = Debug|Win32
		{F2567118-939E-4819-B9EF-BC14AEDF8BDB}.Release|x64.ActiveCfg = Release|x64
		{F2567118-939E-4819-B9EF-BC14AEDF8BDB}.Release|x64.Build.0 = Release|x64
		{F2567118-939E-4819-B9EF-BC14AEDF8BDB}.Release|x86.ActiveCfg = Release|Win32
		{F2567118-939E-4819-B9EF-BC14AEDF8BDB}.Release|x86.Build.0 = Release|Win32
		{AF69BA27-B227-4991-9CB6-5D74615A5589}.Debug|x64.ActiveCfg = Debug|x64
		{AF69BA27-B227-4991-9CB6-5D74615A5589}.Debug|x64.Build.0 = Debug|x64
		{AF69BA27-B227-4991-9CB6-5D74615A5589}.Debug|x86.ActiveCfg = Debug|Win32
		{AF69BA27-B227-4991-9CB6-5D74615A5589}.Debug|x86.Build.0 = Debug|Win32
		{AF69BA27-B227-4991-9CB6-5D74615A5589}.Release|x64.ActiveCfg = Release|x64
		{AF69BA27-B227-4991-9CB6-5D74615A5589}.Release|x64.Build.0 = Release|x64
		{AF69BA27-B227-4991-9CB6-5D74615A5589}.Release|x86.ActiveCfg = Release|Win32
		{AF69BA27-B227-4991-9CB6-5D74615A5589}.Release|x86.Build.0 = Release|Win32
		{C5EA4655-6B2C-4B75-AD9A-3A602ED64C7F}.Debug|x64.ActiveCfg = Debug|x64
		{C5EA4655-6B2C-4B75-AD9A-3A602ED64C7F}.Debug|x64.Build.0 = Debug|x64
		{C5EA4655-6B2C-4B75-AD9A-3A602ED64C7F}.Debug|x86.ActiveCfg = Debug|Win32
		{C5EA4655-6B2C-4B75-AD9A-3A602ED64C7F}.Debug|x86.Build.0 = Debug|Win32
		{C5EA4655-6B2C-4B75-AD9A-3A602ED64C7F}.Release|x64.ActiveCfg = Release|x64
		{C5EA4655-6B2C-4B75-AD9A-3A602ED64C7F}.Release|x64.Build.0 = Release|x64
		{C5EA4655-6B2C-4B75-AD9A-3A602ED64C7F}.Release|x86.ActiveCfg = Release|Win32
		{C5EA4655-6B2C-4B75-AD9A-3A602ED64C7F}.Release|x86.Build.0 = Release|Win32
		{35E96B1E-683E-40F5-BD26-09527F74B348}.Debug|x64.ActiveCfg = Debug|x64
		{35E96B1E-683E-40F5-BD26-09527F74B348}.Debug|x64.Build.0 = Debug|x64
		{35E96B1E-683E-40F5-BD26-09527F74B348}.Debug|x86.ActiveCfg = Debug|Win32
		{35E96B1E-683E-40F5-BD26-09527F74B348}.Debug|x86.Build.0 = Debug|Win32
		{35E96B1E-683E-40F5-BD26-09527F74B348}.Release|x64.ActiveCfg = Release|x64
		{35E96B1E-683E-40F5-BD26-09527F74B348}.Release|x64.Build.0 = Release|x64
		{35E96B1E-683E-40F5-BD26-09527F74B348}.Release|x86.ActiveCfg = Release|Win32
		{35E96B1E-683E-40F5-BD26-09527F74B348}.Release|x86.Build.0 = Release|Win32
		{B437A29D-C030-428E-859D-1126489E8416}.Debug|x64.ActiveCfg = Debug|x64
		{B437A29D-C030-428E-859D-1126489E8416}.Debug|x64.Build.0 = Debug|x64
		{B437A29D-C030-428E-859D-1126489E8416}.Debug|x86.ActiveCfg = Debug|Win32
		{B437A29D-C030-428E-859D-1126489E8416}.Debug|x86.Build.0 = Debug|Win32
		{B437A29D-C030-428E-859D-1126489E8416}.Release|x64.ActiveCfg = Release|x64
		{B437A29D-C030-428E-859D-1126489E8416}.Release|x64.Build.0 = Release|x64
		{B437A29D-C030-428E-859D-1126489E8416}.Release|x86.ActiveCfg = Release|Win32
		{B437A29D-C030-428E-859D-1126489E8416}.Release|x86.Build.0 = Release|Win32
		{440A9469-D43C-4DE5-8EAD-66574D5B6B75}.Debug|x64.ActiveCfg = Debug|x64
		{440A9469-D43C-4DE5-8EAD-66574D5B6B75}.Debug|x64.Build.0 = Debug|x64
		{440A9469-D43C-4DE5-8EAD-66574D5B6B75}.Debug|x86.ActiveCfg = Debug|Win32
		{440A9469-D43C-4DE5-8EAD-66574D5B6B75}.Debug|x86.Build.0 = Debug|Win32
		{440A9469-D43C-4DE5-8EAD-66574D5B6B75}.Release|x64.ActiveCfg = Release|x64
		{440A9469-D43C-4DE5-8EAD-66574D5B6B75}.Release|x64.Build.0 = Release|x64
		{440A9469-D43C-4DE5-8EAD-66574D5B6B75}.Release|x86.ActiveCfg = Release|Win32
		{440A9469-D43C-4DE5-8EAD-66574D5B6B75}.Release|x86.Build.0 = Release|Win32
		{2B3A0AD7-C338-40BC-AE4C-0AD554514E29}.Debug|x64.ActiveCfg = Debug|x64
		{2B3A0AD7-C338-40BC-AE4C-0AD554514E29}.Debug|x64.Build.0 = Debug|x64
		{2B3A0AD7-C338-40BC-AE4C-0AD554514E29}.Debug|x86.ActiveCfg = Debug|Win32
		{2B3A0AD7-C338-40BC-AE4C-0AD554514E29}.Debug|x86.Build.0 = Debug|Win32
		{2B3A0AD7-C338-40BC-AE4C-0AD554514E29}.Release|x64.ActiveCfg = Release|x64
		{2B3A0AD7-C338-40BC-AE4C-0AD554514E29}.Release|x64.Build.0 = Release|x64
		{2B3A0AD7-C338-40BC-AE4C-0AD554514E29}.Release|x86.ActiveCfg = Release|Win32
		{2B3A0AD7-C338-40BC-AE4C-0AD554514E29}.Release|x86.Build.0 = Release|Win32
		{AF3A4D96-16D6-4D81-9965-78C478D0C523}.Debug|x64.ActiveCfg = Debug|x64
		{AF3A4D96-16D6-4D81-9965-78C478D0C523}.Debug|x64.Build.0 = Debug|x64
		{AF3A4D96-16D6-4D81-9965-78C478D0C523}.Debug|x86.ActiveCfg = Debug|Win32
		{AF3A4D96-16D6-4D81-9965-78C478D0C523}.Debug|x86.Build.0 = Debug|Win32
		{AF3A4D96-16D6-4D81-9965-78C478D0C523}.Release|x64.ActiveCfg = Release|x64
		{AF3A4D96-16D6-4D81-9965-78C478D0C523}.Release|x64.Build.0 = Release|x64
		{AF3A4D96-16D6-4D81-9965-78C478D0C523}.Release|x86.ActiveCfg = Release|Win32
		{AF3A4D96-16D6-4D81-9965-78C478D0C523}.Release|x86.Build.0 = Release|Win32
		{D88CAF4E-9ADC-4E63-A5E4-5ED4D5894CBA}.Debug|x64.ActiveCfg = Debug|x64
		{D88CAF4E-9ADC-4E63-A5E4-5ED4D5894CBA}.Debug|x64.Build.0 = Debug|x64
		{D88CAF4E-9ADC-4E63-A5E4-5ED4D5894CBA}.Debug|x86.ActiveCfg = Debug|Win32
		{D88CAF4E-9ADC-4E63-A5E4-5ED4D5894CBA}.Debug|x86.Build.0 = Debug|Win32
		{D88CAF4E-9ADC-4E63-A5E4-5ED4D5894CBA}.Release|x64.ActiveCfg = Release|x64
		{D88CAF4E-9ADC-4E63-A5E4-5ED4D5894CBA}.Release|x64.Build.0 = Release|x64
		{D88CAF4E-9ADC-4E63-A5E4-5ED4D5894CBA}.Release|x86.ActiveCfg = Release|Win32
		{D88CAF4E-9ADC-4E63-A5E4-5ED4D5894CBA}.Release|x86.Build.0 = Release|Win32
		{5DACFA3C-854E-4143-B545-F60148A31CAE}.Debug|x64.ActiveCfg = Debug|x64
		{5DACFA3C-854E-4143-B545-F60148A31CAE}.Debug|x64.Build.0 = Debug|x64
		{5DACFA3C-854E-4143-B545-F60148A31CAE}.Debug|x86.ActiveCfg = Debug|Win32
		{5DACFA3C-854E-4143-B545-F60148A31CAE}.Debug|x86.Build.0 = Debug|Win32
		{5DACFA3C-854E-4143-B545-F60148A31CAE}.Release|x64.ActiveCfg = Release|x64
		{5DACFA3C-854E-4143-B545-F60148A31CAE}.Release|x64.Build.0 = Release|x64
		{5DACFA3C-854E-4143-B545-F60148A31CAE}.Release|x86.ActiveCfg = Release|Win32
		{5DACFA3C-854E-4143-B545-F60148A31CAE}.Release|x86.Build.0 = Release|Win32
		{1F27039F-1116-41E4-8BAF-8E11EF9D57E6}.Debug|x64.ActiveCfg = Debug|x64
		{1F27039F-1116-41E4-8BAF-8E11EF9D57E6}.Debug|x64.Build.0 = Debug|x64
		{1F27039F-1116-41E4-8BAF-8E11EF9D57E6}.Debug|x86.ActiveCfg = Debug|Win32
		{1F27039F-1116-41E4-8BAF-8E11EF9D57E6}.Debug|x86.Build.0 = Debug|Win32
		{1F27039F-1116-41E4-8BAF-8E11EF9D57E6}.Release|x64.ActiveCfg = Release|x64
		{1F27039F-1116-41E4-8BAF-8E11EF9D57E6}.Release|x64.Build.0 = Release|x64
		{1F27039F-1116-41E4-8BAF-8E11EF9D57E6}.Release|x86.ActiveCfg = Release|Win32
		{1F27039F-1116-41E4-8BAF-8E11EF9D57E6}.Release|x86.Build.0 = Release|Win32
	EndGlobalSection
	GlobalSection(SolutionProperties) = preSolution
		HideSolutionNode = FALSE
	EndGlobalSection
	GlobalSection(ExtensibilityGlobals) = postSolution
		SolutionGuid = {BCA84547-965C-4A78-BB73-EFFB013E3F86}
	EndGlobalSection
EndGlobal
